
Microsoft Visual Studio Solution File, Format Version 12.00
# Visual Studio Version 16
VisualStudioVersion = 16.0.29509.3
MinimumVisualStudioVersion = 10.0.40219.1
Project("{9A19103F-16F7-4668-BE54-9A1E7A4F7556}") = "Task1", "Task1\Task1.csproj", "{CC7A8351-5EA7-4AB8-86E5-BA68B78FC1F7}"
EndProject
Project("{9A19103F-16F7-4668-BE54-9A1E7A4F7556}") = "Task2", "Task2\Task2.csproj", "{7173CC3C-4D2B-4764-A798-87D93E189AE7}"
EndProject
Project("{9A19103F-16F7-4668-BE54-9A1E7A4F7556}") = "Task3", "Task3\Task3.csproj", "{D1BCCA96-FAA9-4B28-BA15-B006B740EF07}"
EndProject
Project("{9A19103F-16F7-4668-BE54-9A1E7A4F7556}") = "Task4", "Task4\Task4.csproj", "{6BDCC371-017C-41AA-8F6C-8E7D9A45B139}"
EndProject
Project("{9A19103F-16F7-4668-BE54-9A1E7A4F7556}") = "Task4_AbstractDraw", "Task4_AbstractDraw\Task4_AbstractDraw.csproj", "{D7BDDBDC-582C-4062-833F-03F65F308CB0}"
EndProject
Project("{FAE04EC0-301F-11D3-BF4B-00C04F79EFBC}") = "Task5", "Task5\Task5.csproj", "{D2C472C8-0374-489E-9EC1-170BE28A57D5}"
EndProject
Project("{FAE04EC0-301F-11D3-BF4B-00C04F79EFBC}") = "SwitchLibrary", "SwitchLibrary\SwitchLibrary.csproj", "{95E2D8D6-EC6C-42EF-8290-6CED804C5533}"
EndProject
Global
	GlobalSection(SolutionConfigurationPlatforms) = preSolution
		Debug|Any CPU = Debug|Any CPU
		Release|Any CPU = Release|Any CPU
	EndGlobalSection
	GlobalSection(ProjectConfigurationPlatforms) = postSolution
		{CC7A8351-5EA7-4AB8-86E5-BA68B78FC1F7}.Debug|Any CPU.ActiveCfg = Debug|Any CPU
		{CC7A8351-5EA7-4AB8-86E5-BA68B78FC1F7}.Debug|Any CPU.Build.0 = Debug|Any CPU
		{CC7A8351-5EA7-4AB8-86E5-BA68B78FC1F7}.Release|Any CPU.ActiveCfg = Release|Any CPU
		{CC7A8351-5EA7-4AB8-86E5-BA68B78FC1F7}.Release|Any CPU.Build.0 = Release|Any CPU
		{7173CC3C-4D2B-4764-A798-87D93E189AE7}.Debug|Any CPU.ActiveCfg = Debug|Any CPU
		{7173CC3C-4D2B-4764-A798-87D93E189AE7}.Debug|Any CPU.Build.0 = Debug|Any CPU
		{7173CC3C-4D2B-4764-A798-87D93E189AE7}.Release|Any CPU.ActiveCfg = Release|Any CPU
		{7173CC3C-4D2B-4764-A798-87D93E189AE7}.Release|Any CPU.Build.0 = Release|Any CPU
		{D1BCCA96-FAA9-4B28-BA15-B006B740EF07}.Debug|Any CPU.ActiveCfg = Debug|Any CPU
		{D1BCCA96-FAA9-4B28-BA15-B006B740EF07}.Debug|Any CPU.Build.0 = Debug|Any CPU
		{D1BCCA96-FAA9-4B28-BA15-B006B740EF07}.Release|Any CPU.ActiveCfg = Release|Any CPU
		{D1BCCA96-FAA9-4B28-BA15-B006B740EF07}.Release|Any CPU.Build.0 = Release|Any CPU
		{6BDCC371-017C-41AA-8F6C-8E7D9A45B139}.Debug|Any CPU.ActiveCfg = Debug|Any CPU
		{6BDCC371-017C-41AA-8F6C-8E7D9A45B139}.Debug|Any CPU.Build.0 = Debug|Any CPU
		{6BDCC371-017C-41AA-8F6C-8E7D9A45B139}.Release|Any CPU.ActiveCfg = Release|Any CPU
		{6BDCC371-017C-41AA-8F6C-8E7D9A45B139}.Release|Any CPU.Build.0 = Release|Any CPU
		{D7BDDBDC-582C-4062-833F-03F65F308CB0}.Debug|Any CPU.ActiveCfg = Debug|Any CPU
		{D7BDDBDC-582C-4062-833F-03F65F308CB0}.Debug|Any CPU.Build.0 = Debug|Any CPU
		{D7BDDBDC-582C-4062-833F-03F65F308CB0}.Release|Any CPU.ActiveCfg = Release|Any CPU
		{D7BDDBDC-582C-4062-833F-03F65F308CB0}.Release|Any CPU.Build.0 = Release|Any CPU
		{D2C472C8-0374-489E-9EC1-170BE28A57D5}.Debug|Any CPU.ActiveCfg = Debug|Any CPU
		{D2C472C8-0374-489E-9EC1-170BE28A57D5}.Debug|Any CPU.Build.0 = Debug|Any CPU
		{D2C472C8-0374-489E-9EC1-170BE28A57D5}.Release|Any CPU.ActiveCfg = Release|Any CPU
		{D2C472C8-0374-489E-9EC1-170BE28A57D5}.Release|Any CPU.Build.0 = Release|Any CPU
		{95E2D8D6-EC6C-42EF-8290-6CED804C5533}.Debug|Any CPU.ActiveCfg = Debug|Any CPU
		{95E2D8D6-EC6C-42EF-8290-6CED804C5533}.Debug|Any CPU.Build.0 = Debug|Any CPU
		{95E2D8D6-EC6C-42EF-8290-6CED804C5533}.Release|Any CPU.ActiveCfg = Release|Any CPU
		{95E2D8D6-EC6C-42EF-8290-6CED804C5533}.Release|Any CPU.Build.0 = Release|Any CPU
	EndGlobalSection
	GlobalSection(SolutionProperties) = preSolution
		HideSolutionNode = FALSE
	EndGlobalSection
	GlobalSection(ExtensibilityGlobals) = postSolution
		SolutionGuid = {AA65F0AF-305D-45EF-BE95-FC1233154C93}
	EndGlobalSection
EndGlobal
