
Microsoft Visual Studio Solution File, Format Version 12.00
# Visual Studio Version 16
VisualStudioVersion = 16.0.30503.244
MinimumVisualStudioVersion = 10.0.40219.1
Project("{9A19103F-16F7-4668-BE54-9A1E7A4F7556}") = "Task1", "Task1\Task1.csproj", "{B28F0A2C-A20B-4447-B657-9BEE7E6713C4}"
EndProject
Project("{9A19103F-16F7-4668-BE54-9A1E7A4F7556}") = "Primitives", "Primitives\Primitives.csproj", "{B0E00BB5-2D18-4C1D-B1CE-76F4BDFFAD62}"
EndProject
Global
	GlobalSection(SolutionConfigurationPlatforms) = preSolution
		Debug|Any CPU = Debug|Any CPU
		Release|Any CPU = Release|Any CPU
	EndGlobalSection
	GlobalSection(ProjectConfigurationPlatforms) = postSolution
		{B28F0A2C-A20B-4447-B657-9BEE7E6713C4}.Debug|Any CPU.ActiveCfg = Debug|Any CPU
		{B28F0A2C-A20B-4447-B657-9BEE7E6713C4}.Debug|Any CPU.Build.0 = Debug|Any CPU
		{B28F0A2C-A20B-4447-B657-9BEE7E6713C4}.Release|Any CPU.ActiveCfg = Release|Any CPU
		{B28F0A2C-A20B-4447-B657-9BEE7E6713C4}.Release|Any CPU.Build.0 = Release|Any CPU
		{B0E00BB5-2D18-4C1D-B1CE-76F4BDFFAD62}.Debug|Any CPU.ActiveCfg = Debug|Any CPU
		{B0E00BB5-2D18-4C1D-B1CE-76F4BDFFAD62}.Debug|Any CPU.Build.0 = Debug|Any CPU
		{B0E00BB5-2D18-4C1D-B1CE-76F4BDFFAD62}.Release|Any CPU.ActiveCfg = Release|Any CPU
		{B0E00BB5-2D18-4C1D-B1CE-76F4BDFFAD62}.Release|Any CPU.Build.0 = Release|Any CPU
	EndGlobalSection
	GlobalSection(SolutionProperties) = preSolution
		HideSolutionNode = FALSE
	EndGlobalSection
	GlobalSection(ExtensibilityGlobals) = postSolution
		SolutionGuid = {5BC17895-ECDF-45CE-889A-3F6EFFFD8681}
	EndGlobalSection
EndGlobal
